// !$*UTF8*$!
{
	archiveVersion = 1;
	classes = {
	};
	objectVersion = 46;
	objects = {

/* Begin PBXGroup section */
		E4F9906E1B0A9B5D006D0270 = {
			isa = PBXGroup;
			children = (
			);
			sourceTree = "<group>";
		};
/* End PBXGroup section */

/* Begin PBXProject section */
		E4F9906F1B0A9B5D006D0270 /* Project object */ = {
			isa = PBXProject;
			attributes = {
				LastUpgradeCheck = 0630;
			};
			buildConfigurationList = E4F990721B0A9B5D006D0270 /* Build configuration list for PBXProject "gecko-dev" */;
			compatibilityVersion = "Xcode 3.2";
			developmentRegion = English;
			hasScannedForEncodings = 0;
			knownRegions = (
				en,
			);
			mainGroup = E4F9906E1B0A9B5D006D0270;
			projectDirPath = "";
			projectRoot = "";
			targets = (
			);
		};
/* End PBXProject section */

/* Begin XCBuildConfiguration section */
		E4F990731B0A9B5D006D0270 /* Debug */ = {
			isa = XCBuildConfiguration;
			buildSettings = {
			};
			name = Debug;
		};
		E4F990741B0A9B5D006D0270 /* Release */ = {
			isa = XCBuildConfiguration;
			buildSettings = {
			};
			name = Release;
		};
/* End XCBuildConfiguration section */

/* Begin XCConfigurationList section */
		E4F990721B0A9B5D006D0270 /* Build configuration list for PBXProject "gecko-dev" */ = {
			isa = XCConfigurationList;
			buildConfigurations = (
				E4F990731B0A9B5D006D0270 /* Debug */,
				E4F990741B0A9B5D006D0270 /* Release */,
			);
			defaultConfigurationIsVisible = 0;
			defaultConfigurationName = Release;
		};
/* End XCConfigurationList section */
	};
	rootObject = E4F9906F1B0A9B5D006D0270 /* Project object */;
}
